
Microsoft Visual Studio Solution File, Format Version 12.00
# Visual Studio Version 17
VisualStudioVersion = 17.7.34221.43
MinimumVisualStudioVersion = 10.0.40219.1
Project("{FAE04EC0-301F-11D3-BF4B-00C04F79EFBC}") = "ByteBank 2.0", "ByteBank 2.0\ByteBank 2.0.csproj", "{D33B2873-DE49-493E-9894-5EDBCE76CFA9}"
EndProject
Global
	GlobalSection(SolutionConfigurationPlatforms) = preSolution
		Debug|Any CPU = Debug|Any CPU
		Release|Any CPU = Release|Any CPU
	EndGlobalSection
	GlobalSection(ProjectConfigurationPlatforms) = postSolution
		{D33B2873-DE49-493E-9894-5EDBCE76CFA9}.Debug|Any CPU.ActiveCfg = Debug|Any CPU
		{D33B2873-DE49-493E-9894-5EDBCE76CFA9}.Debug|Any CPU.Build.0 = Debug|Any CPU
		{D33B2873-DE49-493E-9894-5EDBCE76CFA9}.Release|Any CPU.ActiveCfg = Release|Any CPU
		{D33B2873-DE49-493E-9894-5EDBCE76CFA9}.Release|Any CPU.Build.0 = Release|Any CPU
	EndGlobalSection
	GlobalSection(SolutionProperties) = preSolution
		HideSolutionNode = FALSE
	EndGlobalSection
	GlobalSection(ExtensibilityGlobals) = postSolution
		SolutionGuid = {8F946A35-BB86-4453-BF0E-5380FD5A5D10}
	EndGlobalSection
EndGlobal
