
Microsoft Visual Studio Solution File, Format Version 12.00
# Visual Studio Version 17
VisualStudioVersion = 17.7.34221.43
MinimumVisualStudioVersion = 10.0.40219.1
Project("{FAE04EC0-301F-11D3-BF4B-00C04F79EFBC}") = "SoundScreen", "SoundScreen.csproj", "{F6C77595-8C78-4E63-ADB6-285FB74F6CBE}"
EndProject
Global
	GlobalSection(SolutionConfigurationPlatforms) = preSolution
		Debug|Any CPU = Debug|Any CPU
		Release|Any CPU = Release|Any CPU
	EndGlobalSection
	GlobalSection(ProjectConfigurationPlatforms) = postSolution
		{F6C77595-8C78-4E63-ADB6-285FB74F6CBE}.Debug|Any CPU.ActiveCfg = Debug|Any CPU
		{F6C77595-8C78-4E63-ADB6-285FB74F6CBE}.Debug|Any CPU.Build.0 = Debug|Any CPU
		{F6C77595-8C78-4E63-ADB6-285FB74F6CBE}.Release|Any CPU.ActiveCfg = Release|Any CPU
		{F6C77595-8C78-4E63-ADB6-285FB74F6CBE}.Release|Any CPU.Build.0 = Release|Any CPU
	EndGlobalSection
	GlobalSection(SolutionProperties) = preSolution
		HideSolutionNode = FALSE
	EndGlobalSection
	GlobalSection(ExtensibilityGlobals) = postSolution
		SolutionGuid = {8BD0D55C-0578-4D32-B019-3FE1BCC12508}
	EndGlobalSection
EndGlobal
