
Microsoft Visual Studio Solution File, Format Version 12.00
# Visual Studio Version 17
VisualStudioVersion = 17.8.34330.188
MinimumVisualStudioVersion = 10.0.40219.1
Project("{FAE04EC0-301F-11D3-BF4B-00C04F79EFBC}") = "DEPLOY.Cachorro.Api", "DEPLOY.Cachorro.Api\DEPLOY.Cachorro.Api.csproj", "{8653CA67-14B5-4535-9EF0-AA410B46AA68}"
EndProject
Global
	GlobalSection(SolutionConfigurationPlatforms) = preSolution
		Debug|Any CPU = Debug|Any CPU
		Release|Any CPU = Release|Any CPU
	EndGlobalSection
	GlobalSection(ProjectConfigurationPlatforms) = postSolution
		{8653CA67-14B5-4535-9EF0-AA410B46AA68}.Debug|Any CPU.ActiveCfg = Debug|Any CPU
		{8653CA67-14B5-4535-9EF0-AA410B46AA68}.Debug|Any CPU.Build.0 = Debug|Any CPU
		{8653CA67-14B5-4535-9EF0-AA410B46AA68}.Release|Any CPU.ActiveCfg = Release|Any CPU
		{8653CA67-14B5-4535-9EF0-AA410B46AA68}.Release|Any CPU.Build.0 = Release|Any CPU
	EndGlobalSection
	GlobalSection(SolutionProperties) = preSolution
		HideSolutionNode = FALSE
	EndGlobalSection
	GlobalSection(ExtensibilityGlobals) = postSolution
		SolutionGuid = {932D4C81-C5D0-4871-B0DB-D4B773448BFB}
	EndGlobalSection
EndGlobal
