
Microsoft Visual Studio Solution File, Format Version 12.00
# Visual Studio Version 17
VisualStudioVersion = 17.7.34221.43
MinimumVisualStudioVersion = 10.0.40219.1
Project("{9A19103F-16F7-4668-BE54-9A1E7A4F7556}") = "Projeto_1", "Projeto_1\Projeto_1.csproj", "{5DE5405E-F936-445A-9484-6997FE36F614}"
EndProject
Project("{FAE04EC0-301F-11D3-BF4B-00C04F79EFBC}") = "Projeto_2_Variaveis", "Projeto_2_Variaveis\Projeto_2_Variaveis.csproj", "{EEAE15A8-9E41-424C-BC9F-A14B76B6A1D1}"
EndProject
Project("{FAE04EC0-301F-11D3-BF4B-00C04F79EFBC}") = "Proj-3", "Proj-3\Proj-3.csproj", "{CA53BA85-0D70-42E7-BBF5-6459135CD49D}"
EndProject
Project("{FAE04EC0-301F-11D3-BF4B-00C04F79EFBC}") = "Proj_4", "Proj_4\Proj_4.csproj", "{2AD90289-3BB0-4369-A115-09DBBCFF466C}"
EndProject
Global
	GlobalSection(SolutionConfigurationPlatforms) = preSolution
		Debug|Any CPU = Debug|Any CPU
		Release|Any CPU = Release|Any CPU
	EndGlobalSection
	GlobalSection(ProjectConfigurationPlatforms) = postSolution
		{5DE5405E-F936-445A-9484-6997FE36F614}.Debug|Any CPU.ActiveCfg = Debug|Any CPU
		{5DE5405E-F936-445A-9484-6997FE36F614}.Debug|Any CPU.Build.0 = Debug|Any CPU
		{5DE5405E-F936-445A-9484-6997FE36F614}.Release|Any CPU.ActiveCfg = Release|Any CPU
		{5DE5405E-F936-445A-9484-6997FE36F614}.Release|Any CPU.Build.0 = Release|Any CPU
		{EEAE15A8-9E41-424C-BC9F-A14B76B6A1D1}.Debug|Any CPU.ActiveCfg = Debug|Any CPU
		{EEAE15A8-9E41-424C-BC9F-A14B76B6A1D1}.Debug|Any CPU.Build.0 = Debug|Any CPU
		{EEAE15A8-9E41-424C-BC9F-A14B76B6A1D1}.Release|Any CPU.ActiveCfg = Release|Any CPU
		{EEAE15A8-9E41-424C-BC9F-A14B76B6A1D1}.Release|Any CPU.Build.0 = Release|Any CPU
		{CA53BA85-0D70-42E7-BBF5-6459135CD49D}.Debug|Any CPU.ActiveCfg = Debug|Any CPU
		{CA53BA85-0D70-42E7-BBF5-6459135CD49D}.Debug|Any CPU.Build.0 = Debug|Any CPU
		{CA53BA85-0D70-42E7-BBF5-6459135CD49D}.Release|Any CPU.ActiveCfg = Release|Any CPU
		{CA53BA85-0D70-42E7-BBF5-6459135CD49D}.Release|Any CPU.Build.0 = Release|Any CPU
		{2AD90289-3BB0-4369-A115-09DBBCFF466C}.Debug|Any CPU.ActiveCfg = Debug|Any CPU
		{2AD90289-3BB0-4369-A115-09DBBCFF466C}.Debug|Any CPU.Build.0 = Debug|Any CPU
		{2AD90289-3BB0-4369-A115-09DBBCFF466C}.Release|Any CPU.ActiveCfg = Release|Any CPU
		{2AD90289-3BB0-4369-A115-09DBBCFF466C}.Release|Any CPU.Build.0 = Release|Any CPU
	EndGlobalSection
	GlobalSection(SolutionProperties) = preSolution
		HideSolutionNode = FALSE
	EndGlobalSection
	GlobalSection(ExtensibilityGlobals) = postSolution
		SolutionGuid = {52359F87-C832-4A78-B583-E3B17D2661D2}
	EndGlobalSection
EndGlobal
